
Microsoft Visual Studio Solution File, Format Version 11.00
# Visual Studio 2010
Project("{FAE04EC0-301F-11D3-BF4B-00C04F79EFBC}") = "BShipTestWinForm", "BShipTestWinForm\BShipTestWinForm.csproj", "{1CDED7C2-2276-4DB3-B2A1-32DAAB81B656}"
EndProject
Project("{FAE04EC0-301F-11D3-BF4B-00C04F79EFBC}") = "BShipLogic", "..\BShipLogic\BShipLogic\BShipLogic.csproj", "{2CF80D85-5E31-415B-8AB2-FA6159E591CA}"
EndProject
Project("{FAE04EC0-301F-11D3-BF4B-00C04F79EFBC}") = "BShipServiceLib", "BShipServiceLib\BShipServiceLib.csproj", "{AA0D33B4-9C86-42E5-8E05-0FB0F8B428B8}"
EndProject
Global
	GlobalSection(SolutionConfigurationPlatforms) = preSolution
		Debug|Any CPU = Debug|Any CPU
		Debug|Mixed Platforms = Debug|Mixed Platforms
		Debug|x86 = Debug|x86
		Release|Any CPU = Release|Any CPU
		Release|Mixed Platforms = Release|Mixed Platforms
		Release|x86 = Release|x86
	EndGlobalSection
	GlobalSection(ProjectConfigurationPlatforms) = postSolution
		{1CDED7C2-2276-4DB3-B2A1-32DAAB81B656}.Debug|Any CPU.ActiveCfg = Debug|x86
		{1CDED7C2-2276-4DB3-B2A1-32DAAB81B656}.Debug|Mixed Platforms.ActiveCfg = Debug|x86
		{1CDED7C2-2276-4DB3-B2A1-32DAAB81B656}.Debug|Mixed Platforms.Build.0 = Debug|x86
		{1CDED7C2-2276-4DB3-B2A1-32DAAB81B656}.Debug|x86.ActiveCfg = Debug|x86
		{1CDED7C2-2276-4DB3-B2A1-32DAAB81B656}.Debug|x86.Build.0 = Debug|x86
		{1CDED7C2-2276-4DB3-B2A1-32DAAB81B656}.Release|Any CPU.ActiveCfg = Release|x86
		{1CDED7C2-2276-4DB3-B2A1-32DAAB81B656}.Release|Mixed Platforms.ActiveCfg = Release|x86
		{1CDED7C2-2276-4DB3-B2A1-32DAAB81B656}.Release|Mixed Platforms.Build.0 = Release|x86
		{1CDED7C2-2276-4DB3-B2A1-32DAAB81B656}.Release|x86.ActiveCfg = Release|x86
		{1CDED7C2-2276-4DB3-B2A1-32DAAB81B656}.Release|x86.Build.0 = Release|x86
		{2CF80D85-5E31-415B-8AB2-FA6159E591CA}.Debug|Any CPU.ActiveCfg = Debug|Any CPU
		{2CF80D85-5E31-415B-8AB2-FA6159E591CA}.Debug|Any CPU.Build.0 = Debug|Any CPU
		{2CF80D85-5E31-415B-8AB2-FA6159E591CA}.Debug|Mixed Platforms.ActiveCfg = Debug|Any CPU
		{2CF80D85-5E31-415B-8AB2-FA6159E591CA}.Debug|Mixed Platforms.Build.0 = Debug|Any CPU
		{2CF80D85-5E31-415B-8AB2-FA6159E591CA}.Debug|x86.ActiveCfg = Debug|Any CPU
		{2CF80D85-5E31-415B-8AB2-FA6159E591CA}.Release|Any CPU.ActiveCfg = Release|Any CPU
		{2CF80D85-5E31-415B-8AB2-FA6159E591CA}.Release|Any CPU.Build.0 = Release|Any CPU
		{2CF80D85-5E31-415B-8AB2-FA6159E591CA}.Release|Mixed Platforms.ActiveCfg = Release|Any CPU
		{2CF80D85-5E31-415B-8AB2-FA6159E591CA}.Release|Mixed Platforms.Build.0 = Release|Any CPU
		{2CF80D85-5E31-415B-8AB2-FA6159E591CA}.Release|x86.ActiveCfg = Release|Any CPU
		{AA0D33B4-9C86-42E5-8E05-0FB0F8B428B8}.Debug|Any CPU.ActiveCfg = Debug|Any CPU
		{AA0D33B4-9C86-42E5-8E05-0FB0F8B428B8}.Debug|Any CPU.Build.0 = Debug|Any CPU
		{AA0D33B4-9C86-42E5-8E05-0FB0F8B428B8}.Debug|Mixed Platforms.ActiveCfg = Debug|Any CPU
		{AA0D33B4-9C86-42E5-8E05-0FB0F8B428B8}.Debug|Mixed Platforms.Build.0 = Debug|Any CPU
		{AA0D33B4-9C86-42E5-8E05-0FB0F8B428B8}.Debug|x86.ActiveCfg = Debug|Any CPU
		{AA0D33B4-9C86-42E5-8E05-0FB0F8B428B8}.Release|Any CPU.ActiveCfg = Release|Any CPU
		{AA0D33B4-9C86-42E5-8E05-0FB0F8B428B8}.Release|Any CPU.Build.0 = Release|Any CPU
		{AA0D33B4-9C86-42E5-8E05-0FB0F8B428B8}.Release|Mixed Platforms.ActiveCfg = Release|Any CPU
		{AA0D33B4-9C86-42E5-8E05-0FB0F8B428B8}.Release|Mixed Platforms.Build.0 = Release|Any CPU
		{AA0D33B4-9C86-42E5-8E05-0FB0F8B428B8}.Release|x86.ActiveCfg = Release|Any CPU
	EndGlobalSection
	GlobalSection(SolutionProperties) = preSolution
		HideSolutionNode = FALSE
	EndGlobalSection
EndGlobal
